<?xml version="1.0" encoding="utf-8"?>
<Project ToolsVersion="4.0" xmlns="http://schemas.microsoft.com/developer/msbuild/2003">
  <ItemGroup>
    <ClCompile Include="Directx11_Context.cpp">
      <Filter>FCT</Filter>
    </ClCompile>
    <ClCompile Include="Directx11_ContextResouce.cpp">
      <Filter>FCT</Filter>
    </ClCompile>
    <ClCompile Include="Directx11_Image.cpp">
      <Filter>FCT</Filter>
    </ClCompile>
    <ClCompile Include="hander.cpp">
      <Filter>FCT</Filter>
    </ClCompile>
    <ClCompile Include="Geometry.cpp">
      <Filter>FCT</Filter>
    </ClCompile>
    <ClCompile Include="Matrix.cpp">
      <Filter>FCT</Filter>
    </ClCompile>
    <ClCompile Include="Shape.cpp">
      <Filter>FCT</Filter>
    </ClCompile>
    <ClCompile Include="Text.cpp">
      <Filter>FCT</Filter>
    </ClCompile>
    <ClCompile Include="TextShape.cpp">
      <Filter>FCT</Filter>
    </ClCompile>
    <ClCompile Include="UIManager.cpp">
      <Filter>FCT</Filter>
    </ClCompile>
    <ClCompile Include="test.cpp">
      <Filter>FCT</Filter>
    </ClCompile>
    <ClCompile Include="Win32_Window.cpp">
      <Filter>FCT</Filter>
    </ClCompile>
    <ClCompile Include="Win32_Window_Wndproc.cpp">
      <Filter>FCT</Filter>
    </ClCompile>
    <ClCompile Include="Win32_Input.cpp">
      <Filter>FCT</Filter>
    </ClCompile>
    <ClCompile Include="Win32_File.cpp">
      <Filter>FCT</Filter>
    </ClCompile>
    <ClCompile Include="UIControl.cpp">
      <Filter>FCT</Filter>
    </ClCompile>
  </ItemGroup>
  <ItemGroup>
    <ClInclude Include="Context.h">
      <Filter>FCT</Filter>
    </ClInclude>
    <ClInclude Include="ComputationalGeometryAlgorithm.h">
      <Filter>FCT</Filter>
    </ClInclude>
    <ClInclude Include="ContextResouce.h">
      <Filter>FCT</Filter>
    </ClInclude>
    <ClInclude Include="Directx11_Context.h">
      <Filter>FCT</Filter>
    </ClInclude>
    <ClInclude Include="Directx11_ContextResouce.h">
      <Filter>FCT</Filter>
    </ClInclude>
    <ClInclude Include="Directx11_Image.h">
      <Filter>FCT</Filter>
    </ClInclude>
    <ClInclude Include="Directx11_Target.h">
      <Filter>FCT</Filter>
    </ClInclude>
    <ClInclude Include="FileProcess.h">
      <Filter>FCT</Filter>
    </ClInclude>
    <ClInclude Include="DirectXMath_Matrix.h">
      <Filter>FCT</Filter>
    </ClInclude>
    <ClInclude Include="Geometry.h">
      <Filter>FCT</Filter>
    </ClInclude>
    <ClInclude Include="hander.h">
      <Filter>FCT</Filter>
    </ClInclude>
    <ClInclude Include="Image.h">
      <Filter>FCT</Filter>
    </ClInclude>
    <ClInclude Include="HardwareMath.h">
      <Filter>FCT</Filter>
    </ClInclude>
    <ClInclude Include="Input.h">
      <Filter>FCT</Filter>
    </ClInclude>
    <ClInclude Include="Object.h">
      <Filter>FCT</Filter>
    </ClInclude>
    <ClInclude Include="Matrix.h">
      <Filter>FCT</Filter>
    </ClInclude>
    <ClInclude Include="Queue.h">
      <Filter>FCT</Filter>
    </ClInclude>
    <ClInclude Include="RefCount.h">
      <Filter>FCT</Filter>
    </ClInclude>
    <ClInclude Include="preclass.h">
      <Filter>FCT</Filter>
    </ClInclude>
    <ClInclude Include="Shape.h">
      <Filter>FCT</Filter>
    </ClInclude>
    <ClInclude Include="stack.h">
      <Filter>FCT</Filter>
    </ClInclude>
    <ClInclude Include="struct.h">
      <Filter>FCT</Filter>
    </ClInclude>
    <ClInclude Include="Target.h">
      <Filter>FCT</Filter>
    </ClInclude>
    <ClInclude Include="Tree.h">
      <Filter>FCT</Filter>
    </ClInclude>
    <ClInclude Include="UIManager.h">
      <Filter>FCT</Filter>
    </ClInclude>
    <ClInclude Include="Vector.h">
      <Filter>FCT</Filter>
    </ClInclude>
    <ClInclude Include="Win32_File.h">
      <Filter>FCT</Filter>
    </ClInclude>
    <ClInclude Include="Win32_Input.h">
      <Filter>FCT</Filter>
    </ClInclude>
    <ClInclude Include="Win32_Window.h">
      <Filter>FCT</Filter>
    </ClInclude>
    <ClInclude Include="Window.h">
      <Filter>FCT</Filter>
    </ClInclude>
    <ClInclude Include="mutex.h">
      <Filter>FCT</Filter>
    </ClInclude>
    <ClInclude Include="Win32_Mutex.h">
      <Filter>FCT</Filter>
    </ClInclude>
    <ClInclude Include="UIControl.h">
      <Filter>FCT</Filter>
    </ClInclude>
  </ItemGroup>
  <ItemGroup>
    <Filter Include="FCT">
      <UniqueIdentifier>{d7d25f7a-9767-4a03-a431-f047f310d2d7}</UniqueIdentifier>
    </Filter>
  </ItemGroup>
</Project>